<?xml version="1.0" encoding="utf-8"?>
<Project ToolsVersion="4.0" xmlns="http://schemas.microsoft.com/developer/msbuild/2003">
  <ItemGroup>
    <Filter Include="ソース ファイル">
      <UniqueIdentifier>{4FC737F1-C7A5-4376-A066-2A32D752A2FF}</UniqueIdentifier>
      <Extensions>cpp;c;cc;cxx;def;odl;idl;hpj;bat;asm;asmx</Extensions>
    </Filter>
    <Filter Include="ヘッダー ファイル">
      <UniqueIdentifier>{93995380-89BD-4b04-88EB-625FBE52EBFB}</UniqueIdentifier>
      <Extensions>h;hh;hpp;hxx;hm;inl;inc;xsd</Extensions>
    </Filter>
    <Filter Include="リソース ファイル">
      <UniqueIdentifier>{67DA6AB6-F800-4c08-8B7A-83BB121AAD01}</UniqueIdentifier>
      <Extensions>rc;ico;cur;bmp;dlg;rc2;rct;bin;rgs;gif;jpg;jpeg;jpe;resx;tiff;tif;png;wav;mfcribbon-ms</Extensions>
    </Filter>
    <Filter Include="useful">
      <UniqueIdentifier>{68117be6-2a81-4f7c-83ab-277e7f4b9f0c}</UniqueIdentifier>
    </Filter>
    <Filter Include="UI">
      <UniqueIdentifier>{8b1b1256-2c52-4b2f-ab85-ee5aa7fca5f4}</UniqueIdentifier>
    </Filter>
    <Filter Include="object">
      <UniqueIdentifier>{0e81abab-2b4a-4d2f-9929-f270ff0ca639}</UniqueIdentifier>
    </Filter>
    <Filter Include="scene">
      <UniqueIdentifier>{c1957107-f2f6-4280-816d-22e6ffaa1f43}</UniqueIdentifier>
    </Filter>
    <Filter Include="scene\game">
      <UniqueIdentifier>{944bacb7-e863-40bf-9bd4-d73897cd198c}</UniqueIdentifier>
    </Filter>
    <Filter Include="scene\logo">
      <UniqueIdentifier>{5151d644-cc3f-4f2d-b90f-1988939ff80f}</UniqueIdentifier>
    </Filter>
    <Filter Include="scene\title">
      <UniqueIdentifier>{0a16ed34-665e-439c-89de-7084db8c625a}</UniqueIdentifier>
    </Filter>
    <Filter Include="scene\tutorial">
      <UniqueIdentifier>{ad88ffdd-6db9-47b7-8251-2b33e02fcc19}</UniqueIdentifier>
    </Filter>
    <Filter Include="scene\result">
      <UniqueIdentifier>{deca9130-3ac5-47fd-b1ea-9db101b7bc14}</UniqueIdentifier>
    </Filter>
    <Filter Include="scene\ranking">
      <UniqueIdentifier>{e011822a-7067-4457-a2f6-1edc1fc590f6}</UniqueIdentifier>
    </Filter>
    <Filter Include="mesh">
      <UniqueIdentifier>{37600e34-e48b-42b0-9693-2ba692ee5427}</UniqueIdentifier>
    </Filter>
    <Filter Include="staging">
      <UniqueIdentifier>{007e4626-5345-422c-b495-292e0fdf3bef}</UniqueIdentifier>
    </Filter>
    <Filter Include="Player">
      <UniqueIdentifier>{bf17a0aa-8b9d-467c-8bc5-2e9ec4edeb77}</UniqueIdentifier>
    </Filter>
    <Filter Include="enemy">
      <UniqueIdentifier>{21b4acf6-c753-49ed-8266-47dbb61a61b7}</UniqueIdentifier>
    </Filter>
    <Filter Include="gimmick">
      <UniqueIdentifier>{f19a198c-57e1-4dfe-975e-a3c089d2ce17}</UniqueIdentifier>
    </Filter>
    <Filter Include="gimmick\Item">
      <UniqueIdentifier>{430e4321-cac2-47cb-8a38-ac56ae0ae275}</UniqueIdentifier>
    </Filter>
    <Filter Include="gimmick\Tree">
      <UniqueIdentifier>{2a053623-af3f-4832-841d-7caccf1d96c4}</UniqueIdentifier>
    </Filter>
    <Filter Include="gimmick\Map">
      <UniqueIdentifier>{be448ae6-17da-4803-9aef-b8d491d3d2ed}</UniqueIdentifier>
    </Filter>
    <Filter Include="useful\ListManager">
      <UniqueIdentifier>{bcaa9909-52fa-48c4-931a-c66d1ab20624}</UniqueIdentifier>
    </Filter>
    <Filter Include="enemy\boss">
      <UniqueIdentifier>{98155ea7-f1cc-420e-baf5-1b65c5b53dec}</UniqueIdentifier>
    </Filter>
    <Filter Include="gimmick\Map\BangFlower">
      <UniqueIdentifier>{dc6fa207-aece-4428-ae6f-7048a3559fe5}</UniqueIdentifier>
    </Filter>
  </ItemGroup>
  <ItemGroup>
    <ClCompile Include="main.cpp">
      <Filter>ソース ファイル</Filter>
    </ClCompile>
    <ClCompile Include="manager.cpp">
      <Filter>ソース ファイル</Filter>
    </ClCompile>
    <ClCompile Include="camera.cpp">
      <Filter>useful</Filter>
    </ClCompile>
    <ClCompile Include="collision.cpp">
      <Filter>useful</Filter>
    </ClCompile>
    <ClCompile Include="collpolygon.cpp">
      <Filter>useful</Filter>
    </ClCompile>
    <ClCompile Include="debugproc.cpp">
      <Filter>useful</Filter>
    </ClCompile>
    <ClCompile Include="fade.cpp">
      <Filter>useful</Filter>
    </ClCompile>
    <ClCompile Include="file.cpp">
      <Filter>useful</Filter>
    </ClCompile>
    <ClCompile Include="input.cpp">
      <Filter>useful</Filter>
    </ClCompile>
    <ClCompile Include="light.cpp">
      <Filter>useful</Filter>
    </ClCompile>
    <ClCompile Include="motion.cpp">
      <Filter>useful</Filter>
    </ClCompile>
    <ClCompile Include="multi_camera.cpp">
      <Filter>useful</Filter>
    </ClCompile>
    <ClCompile Include="precompile.cpp">
      <Filter>useful</Filter>
    </ClCompile>
    <ClCompile Include="renderer.cpp">
      <Filter>useful</Filter>
    </ClCompile>
    <ClCompile Include="shadowCircle.cpp">
      <Filter>useful</Filter>
    </ClCompile>
    <ClCompile Include="shadowModel.cpp">
      <Filter>useful</Filter>
    </ClCompile>
    <ClCompile Include="sound.cpp">
      <Filter>useful</Filter>
    </ClCompile>
    <ClCompile Include="texture.cpp">
      <Filter>useful</Filter>
    </ClCompile>
    <ClCompile Include="useful.cpp">
      <Filter>useful</Filter>
    </ClCompile>
    <ClCompile Include="number.cpp">
      <Filter>UI</Filter>
    </ClCompile>
    <ClCompile Include="pause.cpp">
      <Filter>UI</Filter>
    </ClCompile>
    <ClCompile Include="score.cpp">
      <Filter>UI</Filter>
    </ClCompile>
    <ClCompile Include="time.cpp">
      <Filter>UI</Filter>
    </ClCompile>
    <ClCompile Include="character.cpp">
      <Filter>object</Filter>
    </ClCompile>
    <ClCompile Include="model.cpp">
      <Filter>object</Filter>
    </ClCompile>
    <ClCompile Include="object.cpp">
      <Filter>object</Filter>
    </ClCompile>
    <ClCompile Include="object2D.cpp">
      <Filter>object</Filter>
    </ClCompile>
    <ClCompile Include="object3D.cpp">
      <Filter>object</Filter>
    </ClCompile>
    <ClCompile Include="object3Dfan.cpp">
      <Filter>object</Filter>
    </ClCompile>
    <ClCompile Include="objectAnim.cpp">
      <Filter>object</Filter>
    </ClCompile>
    <ClCompile Include="objectbillboard.cpp">
      <Filter>object</Filter>
    </ClCompile>
    <ClCompile Include="objectDonut2D.cpp">
      <Filter>object</Filter>
    </ClCompile>
    <ClCompile Include="objectElevation.cpp">
      <Filter>object</Filter>
    </ClCompile>
    <ClCompile Include="Objectmesh.cpp">
      <Filter>object</Filter>
    </ClCompile>
    <ClCompile Include="objectScroll.cpp">
      <Filter>object</Filter>
    </ClCompile>
    <ClCompile Include="objectTri2D.cpp">
      <Filter>object</Filter>
    </ClCompile>
    <ClCompile Include="objectTri3D.cpp">
      <Filter>object</Filter>
    </ClCompile>
    <ClCompile Include="objectX.cpp">
      <Filter>object</Filter>
    </ClCompile>
    <ClCompile Include="scene.cpp">
      <Filter>scene</Filter>
    </ClCompile>
    <ClCompile Include="game.cpp">
      <Filter>scene\game</Filter>
    </ClCompile>
    <ClCompile Include="logo.cpp">
      <Filter>scene\logo</Filter>
    </ClCompile>
    <ClCompile Include="logo_mark.cpp">
      <Filter>scene\logo</Filter>
    </ClCompile>
    <ClCompile Include="title.cpp">
      <Filter>scene\title</Filter>
    </ClCompile>
    <ClCompile Include="tutorial.cpp">
      <Filter>scene\tutorial</Filter>
    </ClCompile>
    <ClCompile Include="result.cpp">
      <Filter>scene\result</Filter>
    </ClCompile>
    <ClCompile Include="ranking.cpp">
      <Filter>scene\ranking</Filter>
    </ClCompile>
    <ClCompile Include="mesh_cylinder.cpp">
      <Filter>mesh</Filter>
    </ClCompile>
    <ClCompile Include="mesh_dome.cpp">
      <Filter>mesh</Filter>
    </ClCompile>
    <ClCompile Include="mesh_donut.cpp">
      <Filter>mesh</Filter>
    </ClCompile>
    <ClCompile Include="mesh_field.cpp">
      <Filter>mesh</Filter>
    </ClCompile>
    <ClCompile Include="mesh_sphere.cpp">
      <Filter>mesh</Filter>
    </ClCompile>
    <ClCompile Include="mesh_tornado.cpp">
      <Filter>mesh</Filter>
    </ClCompile>
    <ClCompile Include="mesh_wall.cpp">
      <Filter>mesh</Filter>
    </ClCompile>
    <ClCompile Include="mesh_wave.cpp">
      <Filter>mesh</Filter>
    </ClCompile>
    <ClCompile Include="anim_reaction.cpp">
      <Filter>staging</Filter>
    </ClCompile>
    <ClCompile Include="blur.cpp">
      <Filter>staging</Filter>
    </ClCompile>
    <ClCompile Include="blur_col.cpp">
      <Filter>staging</Filter>
    </ClCompile>
    <ClCompile Include="blur_org.cpp">
      <Filter>staging</Filter>
    </ClCompile>
    <ClCompile Include="chara_blur.cpp">
      <Filter>staging</Filter>
    </ClCompile>
    <ClCompile Include="confetti.cpp">
      <Filter>staging</Filter>
    </ClCompile>
    <ClCompile Include="danger_mark.cpp">
      <Filter>staging</Filter>
    </ClCompile>
    <ClCompile Include="destruction.cpp">
      <Filter>staging</Filter>
    </ClCompile>
    <ClCompile Include="Effect.cpp">
      <Filter>staging</Filter>
    </ClCompile>
    <ClCompile Include="effect_model.cpp">
      <Filter>staging</Filter>
    </ClCompile>
    <ClCompile Include="effect2D.cpp">
      <Filter>staging</Filter>
    </ClCompile>
    <ClCompile Include="fraction.cpp">
      <Filter>staging</Filter>
    </ClCompile>
    <ClCompile Include="locus2D.cpp">
      <Filter>staging</Filter>
    </ClCompile>
    <ClCompile Include="orbit.cpp">
      <Filter>staging</Filter>
    </ClCompile>
    <ClCompile Include="Particle.cpp">
      <Filter>staging</Filter>
    </ClCompile>
    <ClCompile Include="particle2D.cpp">
      <Filter>staging</Filter>
    </ClCompile>
    <ClCompile Include="push_timing.cpp">
      <Filter>staging</Filter>
    </ClCompile>
    <ClCompile Include="ripple.cpp">
      <Filter>staging</Filter>
    </ClCompile>
    <ClCompile Include="screen_effect.cpp">
      <Filter>staging</Filter>
    </ClCompile>
    <ClCompile Include="skybox.cpp">
      <Filter>staging</Filter>
    </ClCompile>
    <ClCompile Include="speech_message.cpp">
      <Filter>staging</Filter>
    </ClCompile>
    <ClCompile Include="stun.cpp">
      <Filter>staging</Filter>
    </ClCompile>
    <ClCompile Include="player.cpp">
      <Filter>Player</Filter>
    </ClCompile>
    <ClCompile Include="player_action.cpp">
      <Filter>Player</Filter>
    </ClCompile>
    <ClCompile Include="bullet.cpp">
      <Filter>Player</Filter>
    </ClCompile>
    <ClCompile Include="locus3D.cpp">
      <Filter>staging</Filter>
    </ClCompile>
    <ClCompile Include="enemy.cpp">
      <Filter>enemy</Filter>
    </ClCompile>
    <ClCompile Include="handgun.cpp">
      <Filter>Player</Filter>
    </ClCompile>
    <ClCompile Include="aim.cpp">
      <Filter>Player</Filter>
    </ClCompile>
    <ClCompile Include="dagger.cpp">
      <Filter>Player</Filter>
    </ClCompile>
    <ClCompile Include="bulletUI.cpp">
      <Filter>UI</Filter>
    </ClCompile>
    <ClCompile Include="coin.cpp">
      <Filter>gimmick\Item</Filter>
    </ClCompile>
    <ClCompile Include="gold_bone.cpp">
      <Filter>gimmick\Item</Filter>
    </ClCompile>
    <ClCompile Include="tree.cpp">
      <Filter>gimmick\Tree</Filter>
    </ClCompile>
    <ClCompile Include="palm_tree.cpp">
      <Filter>gimmick\Tree</Filter>
    </ClCompile>
    <ClCompile Include="palm_fruit.cpp">
      <Filter>gimmick\Item</Filter>
    </ClCompile>
    <ClCompile Include="rock.cpp">
      <Filter>gimmick\Map</Filter>
    </ClCompile>
    <ClCompile Include="block.cpp">
      <Filter>gimmick\Map</Filter>
    </ClCompile>
    <ClCompile Include="tordle.cpp">
      <Filter>enemy</Filter>
    </ClCompile>
    <ClCompile Include="gold_bone_UI.cpp">
      <Filter>UI</Filter>
    </ClCompile>
    <ClCompile Include="grass.cpp">
      <Filter>gimmick\Map</Filter>
    </ClCompile>
    <ClCompile Include="object3D_multitex.cpp">
      <Filter>object</Filter>
    </ClCompile>
    <ClCompile Include="lake.cpp">
      <Filter>gimmick\Map</Filter>
    </ClCompile>
    <ClCompile Include="slash_ripple.cpp">
      <Filter>Player</Filter>
    </ClCompile>
    <ClCompile Include="iwakari.cpp">
      <Filter>enemy</Filter>
    </ClCompile>
    <ClCompile Include="iwakari_shell.cpp">
      <Filter>enemy</Filter>
    </ClCompile>
    <ClCompile Include="player_controller.cpp">
      <Filter>Player</Filter>
    </ClCompile>
    <ClCompile Include="title_logo.cpp">
      <Filter>scene\title</Filter>
    </ClCompile>
    <ClCompile Include="Kari_ResultLogo.cpp">
      <Filter>scene\result</Filter>
    </ClCompile>
    <ClCompile Include="ocean.cpp">
      <Filter>gimmick\Map</Filter>
    </ClCompile>
    <ClCompile Include="lifeUI.cpp">
      <Filter>UI</Filter>
    </ClCompile>
    <ClCompile Include="boss.cpp">
      <Filter>enemy\boss</Filter>
    </ClCompile>
    <ClCompile Include="boss_state.cpp">
      <Filter>enemy\boss</Filter>
    </ClCompile>
    <ClCompile Include="boss_appearstate.cpp">
      <Filter>enemy\boss</Filter>
    </ClCompile>
    <ClCompile Include="boss_turnstate.cpp">
      <Filter>enemy\boss</Filter>
    </ClCompile>
    <ClCompile Include="boss_howlingstate.cpp">
      <Filter>enemy\boss</Filter>
    </ClCompile>
    <ClCompile Include="boss_nonestate.cpp">
      <Filter>enemy\boss</Filter>
    </ClCompile>
    <ClCompile Include="boss_flystate.cpp">
      <Filter>enemy\boss</Filter>
    </ClCompile>
    <ClCompile Include="boss_windstate.cpp">
      <Filter>enemy\boss</Filter>
    </ClCompile>
    <ClCompile Include="bang_flower.cpp">
      <Filter>gimmick\Map\BangFlower</Filter>
    </ClCompile>
    <ClCompile Include="bomb.cpp">
      <Filter>gimmick\Map\BangFlower</Filter>
    </ClCompile>
    <ClCompile Include="bomb_fuse.cpp">
      <Filter>gimmick\Map\BangFlower</Filter>
    </ClCompile>
    <ClCompile Include="bomb_explosion.cpp">
      <Filter>gimmick\Map\BangFlower</Filter>
    </ClCompile>
    <ClCompile Include="game_score.cpp">
      <Filter>UI</Filter>
    </ClCompile>
    <ClCompile Include="wall.cpp">
      <Filter>gimmick\Map</Filter>
    </ClCompile>
    <ClCompile Include="wind_shot.cpp">
      <Filter>enemy\boss</Filter>
    </ClCompile>
  </ItemGroup>
  <ItemGroup>
    <ClInclude Include="main.h">
      <Filter>ヘッダー ファイル</Filter>
    </ClInclude>
    <ClInclude Include="manager.h">
      <Filter>ヘッダー ファイル</Filter>
    </ClInclude>
    <ClInclude Include="camera.h">
      <Filter>useful</Filter>
    </ClInclude>
    <ClInclude Include="collision.h">
      <Filter>useful</Filter>
    </ClInclude>
    <ClInclude Include="collpolygon.h">
      <Filter>useful</Filter>
    </ClInclude>
    <ClInclude Include="debugproc.h">
      <Filter>useful</Filter>
    </ClInclude>
    <ClInclude Include="fade.h">
      <Filter>useful</Filter>
    </ClInclude>
    <ClInclude Include="file.h">
      <Filter>useful</Filter>
    </ClInclude>
    <ClInclude Include="input.h">
      <Filter>useful</Filter>
    </ClInclude>
    <ClInclude Include="light.h">
      <Filter>useful</Filter>
    </ClInclude>
    <ClInclude Include="motion.h">
      <Filter>useful</Filter>
    </ClInclude>
    <ClInclude Include="multi_camera.h">
      <Filter>useful</Filter>
    </ClInclude>
    <ClInclude Include="precompile.h">
      <Filter>useful</Filter>
    </ClInclude>
    <ClInclude Include="renderer.h">
      <Filter>useful</Filter>
    </ClInclude>
    <ClInclude Include="sound.h">
      <Filter>useful</Filter>
    </ClInclude>
    <ClInclude Include="texture.h">
      <Filter>useful</Filter>
    </ClInclude>
    <ClInclude Include="useful.h">
      <Filter>useful</Filter>
    </ClInclude>
    <ClInclude Include="shadowCircle.h">
      <Filter>useful</Filter>
    </ClInclude>
    <ClInclude Include="shadowModel.h">
      <Filter>useful</Filter>
    </ClInclude>
    <ClInclude Include="number.h">
      <Filter>UI</Filter>
    </ClInclude>
    <ClInclude Include="pause.h">
      <Filter>UI</Filter>
    </ClInclude>
    <ClInclude Include="score.h">
      <Filter>UI</Filter>
    </ClInclude>
    <ClInclude Include="time.h">
      <Filter>UI</Filter>
    </ClInclude>
    <ClInclude Include="character.h">
      <Filter>object</Filter>
    </ClInclude>
    <ClInclude Include="model.h">
      <Filter>object</Filter>
    </ClInclude>
    <ClInclude Include="object.h">
      <Filter>object</Filter>
    </ClInclude>
    <ClInclude Include="object2D.h">
      <Filter>object</Filter>
    </ClInclude>
    <ClInclude Include="object3D.h">
      <Filter>object</Filter>
    </ClInclude>
    <ClInclude Include="object3Dfan.h">
      <Filter>object</Filter>
    </ClInclude>
    <ClInclude Include="objectAnim.h">
      <Filter>object</Filter>
    </ClInclude>
    <ClInclude Include="objectbillboard.h">
      <Filter>object</Filter>
    </ClInclude>
    <ClInclude Include="objectDonut2D.h">
      <Filter>object</Filter>
    </ClInclude>
    <ClInclude Include="objectElevation.h">
      <Filter>object</Filter>
    </ClInclude>
    <ClInclude Include="Objectmesh.h">
      <Filter>object</Filter>
    </ClInclude>
    <ClInclude Include="objectScroll.h">
      <Filter>object</Filter>
    </ClInclude>
    <ClInclude Include="objectTri2D.h">
      <Filter>object</Filter>
    </ClInclude>
    <ClInclude Include="objectTri3D.h">
      <Filter>object</Filter>
    </ClInclude>
    <ClInclude Include="objectX.h">
      <Filter>object</Filter>
    </ClInclude>
    <ClInclude Include="scene.h">
      <Filter>scene</Filter>
    </ClInclude>
    <ClInclude Include="game.h">
      <Filter>scene\game</Filter>
    </ClInclude>
    <ClInclude Include="logo.h">
      <Filter>scene\logo</Filter>
    </ClInclude>
    <ClInclude Include="logo_mark.h">
      <Filter>scene\logo</Filter>
    </ClInclude>
    <ClInclude Include="title.h">
      <Filter>scene\title</Filter>
    </ClInclude>
    <ClInclude Include="tutorial.h">
      <Filter>scene\tutorial</Filter>
    </ClInclude>
    <ClInclude Include="result.h">
      <Filter>scene\result</Filter>
    </ClInclude>
    <ClInclude Include="ranking.h">
      <Filter>scene\ranking</Filter>
    </ClInclude>
    <ClInclude Include="mesh_cylinder.h">
      <Filter>mesh</Filter>
    </ClInclude>
    <ClInclude Include="mesh_dome.h">
      <Filter>mesh</Filter>
    </ClInclude>
    <ClInclude Include="mesh_donut.h">
      <Filter>mesh</Filter>
    </ClInclude>
    <ClInclude Include="mesh_field.h">
      <Filter>mesh</Filter>
    </ClInclude>
    <ClInclude Include="mesh_sphere.h">
      <Filter>mesh</Filter>
    </ClInclude>
    <ClInclude Include="mesh_tornado.h">
      <Filter>mesh</Filter>
    </ClInclude>
    <ClInclude Include="mesh_wall.h">
      <Filter>mesh</Filter>
    </ClInclude>
    <ClInclude Include="mesh_wave.h">
      <Filter>mesh</Filter>
    </ClInclude>
    <ClInclude Include="anim_reaction.h">
      <Filter>staging</Filter>
    </ClInclude>
    <ClInclude Include="blur.h">
      <Filter>staging</Filter>
    </ClInclude>
    <ClInclude Include="blur_col.h">
      <Filter>staging</Filter>
    </ClInclude>
    <ClInclude Include="blur_org.h">
      <Filter>staging</Filter>
    </ClInclude>
    <ClInclude Include="chara_blur.h">
      <Filter>staging</Filter>
    </ClInclude>
    <ClInclude Include="confetti.h">
      <Filter>staging</Filter>
    </ClInclude>
    <ClInclude Include="danger_mark.h">
      <Filter>staging</Filter>
    </ClInclude>
    <ClInclude Include="destruction.h">
      <Filter>staging</Filter>
    </ClInclude>
    <ClInclude Include="Effect.h">
      <Filter>staging</Filter>
    </ClInclude>
    <ClInclude Include="effect_model.h">
      <Filter>staging</Filter>
    </ClInclude>
    <ClInclude Include="effect2D.h">
      <Filter>staging</Filter>
    </ClInclude>
    <ClInclude Include="fraction.h">
      <Filter>staging</Filter>
    </ClInclude>
    <ClInclude Include="locus2D.h">
      <Filter>staging</Filter>
    </ClInclude>
    <ClInclude Include="orbit.h">
      <Filter>staging</Filter>
    </ClInclude>
    <ClInclude Include="Particle.h">
      <Filter>staging</Filter>
    </ClInclude>
    <ClInclude Include="particle2D.h">
      <Filter>staging</Filter>
    </ClInclude>
    <ClInclude Include="ripple.h">
      <Filter>staging</Filter>
    </ClInclude>
    <ClInclude Include="push_timing.h">
      <Filter>staging</Filter>
    </ClInclude>
    <ClInclude Include="screen_effect.h">
      <Filter>staging</Filter>
    </ClInclude>
    <ClInclude Include="skybox.h">
      <Filter>staging</Filter>
    </ClInclude>
    <ClInclude Include="speech_message.h">
      <Filter>staging</Filter>
    </ClInclude>
    <ClInclude Include="stun.h">
      <Filter>staging</Filter>
    </ClInclude>
    <ClInclude Include="player.h">
      <Filter>Player</Filter>
    </ClInclude>
    <ClInclude Include="player_action.h">
      <Filter>Player</Filter>
    </ClInclude>
    <ClInclude Include="bullet.h">
      <Filter>Player</Filter>
    </ClInclude>
    <ClInclude Include="locus3D.h">
      <Filter>staging</Filter>
    </ClInclude>
    <ClInclude Include="enemy.h">
      <Filter>enemy</Filter>
    </ClInclude>
    <ClInclude Include="handgun.h">
      <Filter>Player</Filter>
    </ClInclude>
    <ClInclude Include="aim.h">
      <Filter>Player</Filter>
    </ClInclude>
    <ClInclude Include="dagger.h">
      <Filter>Player</Filter>
    </ClInclude>
    <ClInclude Include="bulletUI.h">
      <Filter>UI</Filter>
    </ClInclude>
    <ClInclude Include="coin.h">
      <Filter>gimmick\Item</Filter>
    </ClInclude>
    <ClInclude Include="gold_bone.h">
      <Filter>gimmick\Item</Filter>
    </ClInclude>
    <ClInclude Include="tree.h">
      <Filter>gimmick\Tree</Filter>
    </ClInclude>
    <ClInclude Include="palm_tree.h">
      <Filter>gimmick\Tree</Filter>
    </ClInclude>
    <ClInclude Include="palm_fruit.h">
      <Filter>gimmick\Item</Filter>
    </ClInclude>
    <ClInclude Include="rock.h">
      <Filter>gimmick\Map</Filter>
    </ClInclude>
    <ClInclude Include="block.h">
      <Filter>gimmick\Map</Filter>
    </ClInclude>
    <ClInclude Include="tordle.h">
      <Filter>enemy</Filter>
    </ClInclude>
    <ClInclude Include="list_manager.h">
      <Filter>useful\ListManager</Filter>
    </ClInclude>
    <ClInclude Include="gold_bone_UI.h">
      <Filter>UI</Filter>
    </ClInclude>
    <ClInclude Include="grass.h">
      <Filter>gimmick\Map</Filter>
    </ClInclude>
    <ClInclude Include="object3D_multitex.h">
      <Filter>object</Filter>
    </ClInclude>
    <ClInclude Include="lake.h">
      <Filter>gimmick\Map</Filter>
    </ClInclude>
    <ClInclude Include="slash_ripple.h">
      <Filter>Player</Filter>
    </ClInclude>
    <ClInclude Include="iwakari.h">
      <Filter>enemy</Filter>
    </ClInclude>
    <ClInclude Include="iwakari_shell.h">
      <Filter>enemy</Filter>
    </ClInclude>
    <ClInclude Include="player_controller.h">
      <Filter>Player</Filter>
    </ClInclude>
    <ClInclude Include="title_logo.h">
      <Filter>scene\title</Filter>
    </ClInclude>
    <ClInclude Include="Kari_ResultLogo.h">
      <Filter>scene\result</Filter>
    </ClInclude>
    <ClInclude Include="ocean.h">
      <Filter>gimmick\Map</Filter>
    </ClInclude>
    <ClInclude Include="lifeUI.h">
      <Filter>UI</Filter>
    </ClInclude>
    <ClInclude Include="boss.h">
      <Filter>enemy\boss</Filter>
    </ClInclude>
    <ClInclude Include="boss_state.h">
      <Filter>enemy\boss</Filter>
    </ClInclude>
    <ClInclude Include="boss_appearstate.h">
      <Filter>enemy\boss</Filter>
    </ClInclude>
    <ClInclude Include="boss_turnstate.h">
      <Filter>enemy\boss</Filter>
    </ClInclude>
    <ClInclude Include="boss_howlingstate.h">
      <Filter>enemy\boss</Filter>
    </ClInclude>
    <ClInclude Include="boss_nonestate.h">
      <Filter>enemy\boss</Filter>
    </ClInclude>
    <ClInclude Include="boss_flystate.h">
      <Filter>enemy\boss</Filter>
    </ClInclude>
    <ClInclude Include="boss_windstate.h">
      <Filter>enemy\boss</Filter>
    </ClInclude>
    <ClInclude Include="bang_flower.h">
      <Filter>gimmick\Map\BangFlower</Filter>
    </ClInclude>
    <ClInclude Include="bomb.h">
      <Filter>gimmick\Map\BangFlower</Filter>
    </ClInclude>
    <ClInclude Include="bomb_fuse.h">
      <Filter>gimmick\Map\BangFlower</Filter>
    </ClInclude>
    <ClInclude Include="bomb_explosion.h">
      <Filter>gimmick\Map\BangFlower</Filter>
    </ClInclude>
    <ClInclude Include="game_score.h">
      <Filter>UI</Filter>
    </ClInclude>
    <ClInclude Include="wall.h">
      <Filter>gimmick\Map</Filter>
    </ClInclude>
    <ClInclude Include="wind_shot.h">
      <Filter>enemy\boss</Filter>
    </ClInclude>
  </ItemGroup>
</Project>